{
  "name": "pdpv3",
  "lockfileVersion": 3,
  "requires": true,
  "packages": {
    "": {
      "dependencies": {
        "@picocss/pico": "^2.0.3",
        "htmx.org": "^2.0.0-alpha2",
        "missing.css": "1.0.13",
        "pygments-css": "^1.0.0"
      }
    },
    "node_modules/@picocss/pico": {
      "version": "2.0.3",
      "resolved": "https://registry.npmjs.org/@picocss/pico/-/pico-2.0.3.tgz",
      "integrity": "sha512-uIWvDcZnbA+oo4mpz8LeA05huCWbDnUz8Ad2NZXTFn6SrEXBtIdKDu+/bOD4oI8hJHp6dUEEvDLim2+qqSgruQ==",
      "engines": {
        "node": ">=18.19.0"
      }
    },
    "node_modules/htmx.org": {
      "version": "2.0.0-alpha2",
      "resolved": "https://registry.npmjs.org/htmx.org/-/htmx.org-2.0.0-alpha2.tgz",
      "integrity": "sha512-aihe71coTOUOlXHd+puwGFarF09MQByGQqfMyIo/KTQMoXk2fuUYCVDKigzJ2QKVQd+rlOy45QfPxzXomG279w=="
    },
    "node_modules/missing.css": {
      "version": "1.0.13",
      "resolved": "https://registry.npmjs.org/missing.css/-/missing.css-1.0.13.tgz",
      "integrity": "sha512-cD5LqIb8VXUj2768TcvPrGU8Al1f8HCEubNMTgvRwS2tGRLF04x7xncecaLU5e9bhhwvS1G7TKkX/X7hKdFy0w=="
    },
    "node_modules/pygments-css": {
      "version": "1.0.0",
      "resolved": "https://registry.npmjs.org/pygments-css/-/pygments-css-1.0.0.tgz",
      "integrity": "sha512-1tEzsRlaNrYnO5lI/VrQOpBmWAQIavYIyQPS6Cch0p1WyB9h4QAcMe4NjMbYEv1MeAzW5GfSDcgOvZrGq5Vokg=="
    }
  }
}
