{
  "name": "pdpv3",
  "lockfileVersion": 3,
  "requires": true,
  "packages": {
    "": {
      "dependencies": {
        "@picocss/pico": "^2.0.3",
        "htmx.org": "^1.9.10",
        "missing.css": "1.0.13",
        "prism-remote": "^1.2.0",
        "prismjs": "^1.29.0"
      }
    },
    "node_modules/@picocss/pico": {
      "version": "2.0.3",
      "resolved": "https://registry.npmjs.org/@picocss/pico/-/pico-2.0.3.tgz",
      "integrity": "sha512-uIWvDcZnbA+oo4mpz8LeA05huCWbDnUz8Ad2NZXTFn6SrEXBtIdKDu+/bOD4oI8hJHp6dUEEvDLim2+qqSgruQ==",
      "engines": {
        "node": ">=18.19.0"
      }
    },
    "node_modules/htmx.org": {
      "version": "1.9.10",
      "resolved": "https://registry.npmjs.org/htmx.org/-/htmx.org-1.9.10.tgz",
      "integrity": "sha512-UgchasltTCrTuU2DQLom3ohHrBvwr7OqpwyAVJ9VxtNBng4XKkVsqrv0Qr3srqvM9ZNI3f1MmvVQQqK7KW/bTA=="
    },
    "node_modules/missing.css": {
      "version": "1.0.13",
      "resolved": "https://registry.npmjs.org/missing.css/-/missing.css-1.0.13.tgz",
      "integrity": "sha512-cD5LqIb8VXUj2768TcvPrGU8Al1f8HCEubNMTgvRwS2tGRLF04x7xncecaLU5e9bhhwvS1G7TKkX/X7hKdFy0w=="
    },
    "node_modules/prism-remote": {
      "version": "1.2.0",
      "resolved": "https://registry.npmjs.org/prism-remote/-/prism-remote-1.2.0.tgz",
      "integrity": "sha512-WThO1qBF9qv8RGKUg8yBXAeS381YMjcgcpfjBzN2JJh/rVEpmI0uwYjMgS5XcA7dNCiczUAHaeEPVgO/R203JQ=="
    },
    "node_modules/prismjs": {
      "version": "1.29.0",
      "resolved": "https://registry.npmjs.org/prismjs/-/prismjs-1.29.0.tgz",
      "integrity": "sha512-Kx/1w86q/epKcmte75LNrEoT+lX8pBpavuAbvJWRXar7Hz8jrtF+e3vY751p0R8H9HdArwaCTNDDzHg/ScJK1Q==",
      "engines": {
        "node": ">=6"
      }
    }
  }
}
